
Microsoft Visual Studio Solution File, Format Version 12.00
# Visual Studio Version 17
VisualStudioVersion = 17.0.31903.59
MinimumVisualStudioVersion = 10.0.40219.1
Project("{FAE04EC0-301F-11D3-BF4B-00C04F79EFBC}") = "FluentXmlWriterCore", "FluentXmlWriterCore\FluentXmlWriterCore.csproj", "{0298774A-00D8-494F-A1F0-6DF226984834}"
EndProject
Project("{FAE04EC0-301F-11D3-BF4B-00C04F79EFBC}") = "FluentXmlWriterTests", "FluentXmlWriterTests\FluentXmlWriterTests.csproj", "{7554218F-7D80-4FEA-AE1D-B8AB03212447}"
EndProject
Global
	GlobalSection(SolutionConfigurationPlatforms) = preSolution
		Debug|Any CPU = Debug|Any CPU
		Release|Any CPU = Release|Any CPU
	EndGlobalSection
	GlobalSection(SolutionProperties) = preSolution
		HideSolutionNode = FALSE
	EndGlobalSection
	GlobalSection(ProjectConfigurationPlatforms) = postSolution
		{0298774A-00D8-494F-A1F0-6DF226984834}.Debug|Any CPU.ActiveCfg = Debug|Any CPU
		{0298774A-00D8-494F-A1F0-6DF226984834}.Debug|Any CPU.Build.0 = Debug|Any CPU
		{0298774A-00D8-494F-A1F0-6DF226984834}.Release|Any CPU.ActiveCfg = Release|Any CPU
		{0298774A-00D8-494F-A1F0-6DF226984834}.Release|Any CPU.Build.0 = Release|Any CPU
		{7554218F-7D80-4FEA-AE1D-B8AB03212447}.Debug|Any CPU.ActiveCfg = Debug|Any CPU
		{7554218F-7D80-4FEA-AE1D-B8AB03212447}.Debug|Any CPU.Build.0 = Debug|Any CPU
		{7554218F-7D80-4FEA-AE1D-B8AB03212447}.Release|Any CPU.ActiveCfg = Release|Any CPU
		{7554218F-7D80-4FEA-AE1D-B8AB03212447}.Release|Any CPU.Build.0 = Release|Any CPU
	EndGlobalSection
EndGlobal
